
Microsoft Visual Studio Solution File, Format Version 12.00
# Visual Studio 15
VisualStudioVersion = 15.0.27421.1
MinimumVisualStudioVersion = 10.0.40219.1
Project("{FAE04EC0-301F-11D3-BF4B-00C04F79EFBC}") = "GildedRose", "src\GildedRose\GildedRose.csproj", "{D1597070-54A9-4558-B7BD-A46318534754}"
EndProject
Project("{FAE04EC0-301F-11D3-BF4B-00C04F79EFBC}") = "GildedRose.Tests", "src\GildedRose.Tests\GildedRose.Tests.csproj", "{BA407AD0-A19A-47D7-90D0-6DD9369DCD98}"
EndProject
Project("{FAE04EC0-301F-11D3-BF4B-00C04F79EFBC}") = "GildedRose.BenchMark", "src\GildedRose.BenchMark\GildedRose.BenchMark.csproj", "{79A7D568-DB52-4287-8214-5F0ABA02941B}"
EndProject
Project("{FAE04EC0-301F-11D3-BF4B-00C04F79EFBC}") = "GildedRose.ApprovalTests", "src\GildedRose.ApprovalTests\GildedRose.ApprovalTests.csproj", "{33FFDD7D-D7BB-45DE-AFD5-83BEB587F024}"
EndProject
Global
	GlobalSection(SolutionConfigurationPlatforms) = preSolution
		Debug|Any CPU = Debug|Any CPU
		Release|Any CPU = Release|Any CPU
	EndGlobalSection
	GlobalSection(ProjectConfigurationPlatforms) = postSolution
		{D1597070-54A9-4558-B7BD-A46318534754}.Debug|Any CPU.ActiveCfg = Debug|Any CPU
		{D1597070-54A9-4558-B7BD-A46318534754}.Debug|Any CPU.Build.0 = Debug|Any CPU
		{D1597070-54A9-4558-B7BD-A46318534754}.Release|Any CPU.ActiveCfg = Release|Any CPU
		{D1597070-54A9-4558-B7BD-A46318534754}.Release|Any CPU.Build.0 = Release|Any CPU
		{BA407AD0-A19A-47D7-90D0-6DD9369DCD98}.Debug|Any CPU.ActiveCfg = Debug|Any CPU
		{BA407AD0-A19A-47D7-90D0-6DD9369DCD98}.Debug|Any CPU.Build.0 = Debug|Any CPU
		{BA407AD0-A19A-47D7-90D0-6DD9369DCD98}.Release|Any CPU.ActiveCfg = Release|Any CPU
		{BA407AD0-A19A-47D7-90D0-6DD9369DCD98}.Release|Any CPU.Build.0 = Release|Any CPU
		{79A7D568-DB52-4287-8214-5F0ABA02941B}.Debug|Any CPU.ActiveCfg = Release|Any CPU
		{79A7D568-DB52-4287-8214-5F0ABA02941B}.Debug|Any CPU.Build.0 = Release|Any CPU
		{79A7D568-DB52-4287-8214-5F0ABA02941B}.Release|Any CPU.ActiveCfg = Release|Any CPU
		{79A7D568-DB52-4287-8214-5F0ABA02941B}.Release|Any CPU.Build.0 = Release|Any CPU
		{33FFDD7D-D7BB-45DE-AFD5-83BEB587F024}.Debug|Any CPU.ActiveCfg = Debug|Any CPU
		{33FFDD7D-D7BB-45DE-AFD5-83BEB587F024}.Debug|Any CPU.Build.0 = Debug|Any CPU
		{33FFDD7D-D7BB-45DE-AFD5-83BEB587F024}.Release|Any CPU.ActiveCfg = Release|Any CPU
		{33FFDD7D-D7BB-45DE-AFD5-83BEB587F024}.Release|Any CPU.Build.0 = Release|Any CPU
	EndGlobalSection
	GlobalSection(SolutionProperties) = preSolution
		HideSolutionNode = FALSE
	EndGlobalSection
	GlobalSection(ExtensibilityGlobals) = postSolution
		SolutionGuid = {3D29D765-14DE-4A83-952A-30C92962623F}
	EndGlobalSection
EndGlobal
